
Microsoft Visual Studio Solution File, Format Version 12.00
# Visual Studio Version 17
VisualStudioVersion = 17.12.35527.113 d17.12
MinimumVisualStudioVersion = 10.0.40219.1
Project("{FAE04EC0-301F-11D3-BF4B-00C04F79EFBC}") = "Mission4Assign", "Mission4Assign.csproj", "{B0091749-1E26-412F-9DD4-0709BDE2446E}"
EndProject
Global
	GlobalSection(SolutionConfigurationPlatforms) = preSolution
		Debug|Any CPU = Debug|Any CPU
		Release|Any CPU = Release|Any CPU
	EndGlobalSection
	GlobalSection(ProjectConfigurationPlatforms) = postSolution
		{B0091749-1E26-412F-9DD4-0709BDE2446E}.Debug|Any CPU.ActiveCfg = Debug|Any CPU
		{B0091749-1E26-412F-9DD4-0709BDE2446E}.Debug|Any CPU.Build.0 = Debug|Any CPU
		{B0091749-1E26-412F-9DD4-0709BDE2446E}.Release|Any CPU.ActiveCfg = Release|Any CPU
		{B0091749-1E26-412F-9DD4-0709BDE2446E}.Release|Any CPU.Build.0 = Release|Any CPU
	EndGlobalSection
	GlobalSection(SolutionProperties) = preSolution
		HideSolutionNode = FALSE
	EndGlobalSection
EndGlobal
